
Microsoft Visual Studio Solution File, Format Version 12.00
# Visual Studio 2013
VisualStudioVersion = 12.0.21005.1
MinimumVisualStudioVersion = 10.0.40219.1
Project("{FAE04EC0-301F-11D3-BF4B-00C04F79EFBC}") = "Digital.Web", "Digital.Web\Digital.Web.csproj", "{97F64A3D-70F4-48B6-997F-D4A1C443C74F}"
EndProject
Project("{FAE04EC0-301F-11D3-BF4B-00C04F79EFBC}") = "Digital.Contact", "..\Digital.Contact\Digital.Contact.csproj", "{C4D9AC59-BE05-4ABC-B047-DBFED29BA671}"
EndProject
Project("{FAE04EC0-301F-11D3-BF4B-00C04F79EFBC}") = "Digitial.WindowsService", "..\Digital.WindowsService\Digitial.WindowsService\Digitial.WindowsService.csproj", "{90B50C1A-1996-4B66-889E-073EDA4CCEAD}"
EndProject
Project("{FAE04EC0-301F-11D3-BF4B-00C04F79EFBC}") = "Digital.Common", "..\Digital.Common\Digital.Common\Digital.Common.csproj", "{52A3E388-E058-4CFA-B065-78ED1C86FDC7}"
EndProject
Project("{FAE04EC0-301F-11D3-BF4B-00C04F79EFBC}") = "Digital.Service", "..\Digital.Service\Digital.Service.csproj", "{AE0F6DAE-ACBA-4801-98DB-7A515DD4D2A2}"
EndProject
Project("{FAE04EC0-301F-11D3-BF4B-00C04F79EFBC}") = "Digital.ServiceHost", "..\Digital.ServiceHost\Digital.ServiceHost.csproj", "{13290D7D-2C44-43B4-B593-6DA1EB3A9D66}"
EndProject
Project("{FAE04EC0-301F-11D3-BF4B-00C04F79EFBC}") = "Digital.WCFClient", "..\Digital.WCFClient\Digital.WCFClient.csproj", "{08858B92-A2BE-4FA9-96BE-3947AEDC99C2}"
EndProject
Global
	GlobalSection(TeamFoundationVersionControl) = preSolution
		SccNumberOfProjects = 8
		SccEnterpriseProvider = {4CA58AB2-18FA-4F8D-95D4-32DDF27D184C}
		SccTeamFoundationServer = https://tfs.codeplex.com/tfs/tfs21
		SccLocalPath0 = .
		SccProjectUniqueName1 = ..\\Digital.Contact\\Digital.Contact.csproj
		SccProjectName1 = ../Digital.Contact
		SccLocalPath1 = ..\\Digital.Contact
		SccProjectUniqueName2 = Digital.Web\\Digital.Web.csproj
		SccProjectName2 = Digital.Web
		SccLocalPath2 = Digital.Web
		SccProjectUniqueName3 = ..\\Digital.WindowsService\\Digitial.WindowsService\\Digitial.WindowsService.csproj
		SccProjectName3 = ../Digital.WindowsService/Digitial.WindowsService
		SccLocalPath3 = ..\\Digital.WindowsService\\Digitial.WindowsService
		SccProjectUniqueName4 = ..\\Digital.Common\\Digital.Common\\Digital.Common.csproj
		SccProjectName4 = ../Digital.Common/Digital.Common
		SccLocalPath4 = ..\\Digital.Common\\Digital.Common
		SccProjectUniqueName5 = ..\\Digital.Service\\Digital.Service.csproj
		SccProjectName5 = ../Digital.Service
		SccLocalPath5 = ..\\Digital.Service
		SccProjectUniqueName6 = ..\\Digital.ServiceHost\\Digital.ServiceHost.csproj
		SccProjectName6 = ../Digital.ServiceHost
		SccLocalPath6 = ..\\Digital.ServiceHost
		SccProjectUniqueName7 = ..\\Digital.WCFClient\\Digital.WCFClient.csproj
		SccProjectName7 = ../Digital.WCFClient
		SccLocalPath7 = ..\\Digital.WCFClient
	EndGlobalSection
	GlobalSection(SolutionConfigurationPlatforms) = preSolution
		Debug|Any CPU = Debug|Any CPU
		Release|Any CPU = Release|Any CPU
	EndGlobalSection
	GlobalSection(ProjectConfigurationPlatforms) = postSolution
		{97F64A3D-70F4-48B6-997F-D4A1C443C74F}.Debug|Any CPU.ActiveCfg = Debug|Any CPU
		{97F64A3D-70F4-48B6-997F-D4A1C443C74F}.Debug|Any CPU.Build.0 = Debug|Any CPU
		{97F64A3D-70F4-48B6-997F-D4A1C443C74F}.Release|Any CPU.ActiveCfg = Release|Any CPU
		{97F64A3D-70F4-48B6-997F-D4A1C443C74F}.Release|Any CPU.Build.0 = Release|Any CPU
		{C4D9AC59-BE05-4ABC-B047-DBFED29BA671}.Debug|Any CPU.ActiveCfg = Debug|Any CPU
		{C4D9AC59-BE05-4ABC-B047-DBFED29BA671}.Debug|Any CPU.Build.0 = Debug|Any CPU
		{C4D9AC59-BE05-4ABC-B047-DBFED29BA671}.Release|Any CPU.ActiveCfg = Release|Any CPU
		{C4D9AC59-BE05-4ABC-B047-DBFED29BA671}.Release|Any CPU.Build.0 = Release|Any CPU
		{90B50C1A-1996-4B66-889E-073EDA4CCEAD}.Debug|Any CPU.ActiveCfg = Debug|Any CPU
		{90B50C1A-1996-4B66-889E-073EDA4CCEAD}.Debug|Any CPU.Build.0 = Debug|Any CPU
		{90B50C1A-1996-4B66-889E-073EDA4CCEAD}.Release|Any CPU.ActiveCfg = Release|Any CPU
		{90B50C1A-1996-4B66-889E-073EDA4CCEAD}.Release|Any CPU.Build.0 = Release|Any CPU
		{52A3E388-E058-4CFA-B065-78ED1C86FDC7}.Debug|Any CPU.ActiveCfg = Debug|Any CPU
		{52A3E388-E058-4CFA-B065-78ED1C86FDC7}.Debug|Any CPU.Build.0 = Debug|Any CPU
		{52A3E388-E058-4CFA-B065-78ED1C86FDC7}.Release|Any CPU.ActiveCfg = Release|Any CPU
		{52A3E388-E058-4CFA-B065-78ED1C86FDC7}.Release|Any CPU.Build.0 = Release|Any CPU
		{AE0F6DAE-ACBA-4801-98DB-7A515DD4D2A2}.Debug|Any CPU.ActiveCfg = Debug|Any CPU
		{AE0F6DAE-ACBA-4801-98DB-7A515DD4D2A2}.Debug|Any CPU.Build.0 = Debug|Any CPU
		{AE0F6DAE-ACBA-4801-98DB-7A515DD4D2A2}.Release|Any CPU.ActiveCfg = Release|Any CPU
		{AE0F6DAE-ACBA-4801-98DB-7A515DD4D2A2}.Release|Any CPU.Build.0 = Release|Any CPU
		{13290D7D-2C44-43B4-B593-6DA1EB3A9D66}.Debug|Any CPU.ActiveCfg = Debug|Any CPU
		{13290D7D-2C44-43B4-B593-6DA1EB3A9D66}.Debug|Any CPU.Build.0 = Debug|Any CPU
		{13290D7D-2C44-43B4-B593-6DA1EB3A9D66}.Release|Any CPU.ActiveCfg = Release|Any CPU
		{13290D7D-2C44-43B4-B593-6DA1EB3A9D66}.Release|Any CPU.Build.0 = Release|Any CPU
		{08858B92-A2BE-4FA9-96BE-3947AEDC99C2}.Debug|Any CPU.ActiveCfg = Debug|Any CPU
		{08858B92-A2BE-4FA9-96BE-3947AEDC99C2}.Debug|Any CPU.Build.0 = Debug|Any CPU
		{08858B92-A2BE-4FA9-96BE-3947AEDC99C2}.Release|Any CPU.ActiveCfg = Release|Any CPU
		{08858B92-A2BE-4FA9-96BE-3947AEDC99C2}.Release|Any CPU.Build.0 = Release|Any CPU
	EndGlobalSection
	GlobalSection(SolutionProperties) = preSolution
		HideSolutionNode = FALSE
	EndGlobalSection
EndGlobal
